// !$*UTF8*$!
{
	archiveVersion = 1;
	classes = {
	};
	objectVersion = 46;
	objects = {

/* Begin PBXBuildFile section */
		B7286DF51F6ABA9B00A758D3 /* LEEEndView.swift in Sources */ = {isa = PBXBuildFile; fileRef = B7286DF41F6ABA9B00A758D3 /* LEEEndView.swift */; };
		B7286DF71F6ABAA300A758D3 /* LEEEndView.xib in Resources */ = {isa = PBXBuildFile; fileRef = B7286DF61F6ABAA300A758D3 /* LEEEndView.xib */; };
		B7286DF91F6D729200A758D3 /* ProduceRandom.swift in Sources */ = {isa = PBXBuildFile; fileRef = B7286DF81F6D729200A758D3 /* ProduceRandom.swift */; };
		B7286DFB1F6E160B00A758D3 /* String+Extension.swift in Sources */ = {isa = PBXBuildFile; fileRef = B7286DFA1F6E160B00A758D3 /* String+Extension.swift */; };
		B7286DFD1F6E762400A758D3 /* LEEInputView.swift in Sources */ = {isa = PBXBuildFile; fileRef = B7286DFC1F6E762400A758D3 /* LEEInputView.swift */; };
		B7286DFF1F6E762C00A758D3 /* LEEInputView.xib in Resources */ = {isa = PBXBuildFile; fileRef = B7286DFE1F6E762C00A758D3 /* LEEInputView.xib */; };
		B7286E011F7297C600A758D3 /* LEEFlowLayout.swift in Sources */ = {isa = PBXBuildFile; fileRef = B7286E001F7297C600A758D3 /* LEEFlowLayout.swift */; };
		B7286E031F72A03300A758D3 /* LEECardInputView.swift in Sources */ = {isa = PBXBuildFile; fileRef = B7286E021F72A03300A758D3 /* LEECardInputView.swift */; };
		B7286E051F72A03B00A758D3 /* LEECardInputView.xib in Resources */ = {isa = PBXBuildFile; fileRef = B7286E041F72A03B00A758D3 /* LEECardInputView.xib */; };
		B7286E071F72A4DD00A758D3 /* 方正准圆简体.ttf in Resources */ = {isa = PBXBuildFile; fileRef = B7286E061F72A4DD00A758D3 /* 方正准圆简体.ttf */; };
		B7286E091F72B8A300A758D3 /* LEETextView.swift in Sources */ = {isa = PBXBuildFile; fileRef = B7286E081F72B8A300A758D3 /* LEETextView.swift */; };
		B7923E731F6033BF00F671B9 /* AppDelegate.swift in Sources */ = {isa = PBXBuildFile; fileRef = B7923E721F6033BF00F671B9 /* AppDelegate.swift */; };
		B7923E751F6033BF00F671B9 /* ViewController.swift in Sources */ = {isa = PBXBuildFile; fileRef = B7923E741F6033BF00F671B9 /* ViewController.swift */; };
		B7923E781F6033BF00F671B9 /* Main.storyboard in Resources */ = {isa = PBXBuildFile; fileRef = B7923E761F6033BF00F671B9 /* Main.storyboard */; };
		B7923E7A1F6033BF00F671B9 /* Assets.xcassets in Resources */ = {isa = PBXBuildFile; fileRef = B7923E791F6033BF00F671B9 /* Assets.xcassets */; };
		B7923E7D1F6033BF00F671B9 /* LaunchScreen.storyboard in Resources */ = {isa = PBXBuildFile; fileRef = B7923E7B1F6033BF00F671B9 /* LaunchScreen.storyboard */; };
		B7C036531F6425F20032311C /* LEENavController.swift in Sources */ = {isa = PBXBuildFile; fileRef = B7C036521F6425F20032311C /* LEENavController.swift */; };
		B7C036551F6426C40032311C /* LEELotController.swift in Sources */ = {isa = PBXBuildFile; fileRef = B7C036541F6426C40032311C /* LEELotController.swift */; };
		B7C0367B1F6429A40032311C /* Constraint.swift in Sources */ = {isa = PBXBuildFile; fileRef = B7C036581F6429A40032311C /* Constraint.swift */; };
		B7C0367C1F6429A40032311C /* ConstraintAttributes.swift in Sources */ = {isa = PBXBuildFile; fileRef = B7C036591F6429A40032311C /* ConstraintAttributes.swift */; };
		B7C0367D1F6429A40032311C /* ConstraintConfig.swift in Sources */ = {isa = PBXBuildFile; fileRef = B7C0365A1F6429A40032311C /* ConstraintConfig.swift */; };
		B7C0367E1F6429A40032311C /* ConstraintConstantTarget.swift in Sources */ = {isa = PBXBuildFile; fileRef = B7C0365B1F6429A40032311C /* ConstraintConstantTarget.swift */; };
		B7C0367F1F6429A40032311C /* ConstraintDescription.swift in Sources */ = {isa = PBXBuildFile; fileRef = B7C0365C1F6429A40032311C /* ConstraintDescription.swift */; };
		B7C036801F6429A40032311C /* ConstraintDSL.swift in Sources */ = {isa = PBXBuildFile; fileRef = B7C0365D1F6429A40032311C /* ConstraintDSL.swift */; };
		B7C036811F6429A40032311C /* ConstraintInsets.swift in Sources */ = {isa = PBXBuildFile; fileRef = B7C0365E1F6429A40032311C /* ConstraintInsets.swift */; };
		B7C036821F6429A40032311C /* ConstraintInsetTarget.swift in Sources */ = {isa = PBXBuildFile; fileRef = B7C0365F1F6429A40032311C /* ConstraintInsetTarget.swift */; };
		B7C036831F6429A40032311C /* ConstraintItem.swift in Sources */ = {isa = PBXBuildFile; fileRef = B7C036601F6429A40032311C /* ConstraintItem.swift */; };
		B7C036841F6429A40032311C /* ConstraintLayoutGuide+Extensions.swift in Sources */ = {isa = PBXBuildFile; fileRef = B7C036611F6429A40032311C /* ConstraintLayoutGuide+Extensions.swift */; };
		B7C036851F6429A40032311C /* ConstraintLayoutGuide.swift in Sources */ = {isa = PBXBuildFile; fileRef = B7C036621F6429A40032311C /* ConstraintLayoutGuide.swift */; };
		B7C036861F6429A40032311C /* ConstraintLayoutGuideDSL.swift in Sources */ = {isa = PBXBuildFile; fileRef = B7C036631F6429A40032311C /* ConstraintLayoutGuideDSL.swift */; };
		B7C036871F6429A40032311C /* ConstraintLayoutSupport.swift in Sources */ = {isa = PBXBuildFile; fileRef = B7C036641F6429A40032311C /* ConstraintLayoutSupport.swift */; };
		B7C036881F6429A40032311C /* ConstraintLayoutSupportDSL.swift in Sources */ = {isa = PBXBuildFile; fileRef = B7C036651F6429A40032311C /* ConstraintLayoutSupportDSL.swift */; };
		B7C036891F6429A40032311C /* ConstraintMaker.swift in Sources */ = {isa = PBXBuildFile; fileRef = B7C036661F6429A40032311C /* ConstraintMaker.swift */; };
		B7C0368A1F6429A40032311C /* ConstraintMakerEditable.swift in Sources */ = {isa = PBXBuildFile; fileRef = B7C036671F6429A40032311C /* ConstraintMakerEditable.swift */; };
		B7C0368B1F6429A40032311C /* ConstraintMakerExtendable.swift in Sources */ = {isa = PBXBuildFile; fileRef = B7C036681F6429A40032311C /* ConstraintMakerExtendable.swift */; };
		B7C0368C1F6429A40032311C /* ConstraintMakerFinalizable.swift in Sources */ = {isa = PBXBuildFile; fileRef = B7C036691F6429A40032311C /* ConstraintMakerFinalizable.swift */; };
		B7C0368D1F6429A40032311C /* ConstraintMakerPriortizable.swift in Sources */ = {isa = PBXBuildFile; fileRef = B7C0366A1F6429A40032311C /* ConstraintMakerPriortizable.swift */; };
		B7C0368E1F6429A40032311C /* ConstraintMakerRelatable.swift in Sources */ = {isa = PBXBuildFile; fileRef = B7C0366B1F6429A40032311C /* ConstraintMakerRelatable.swift */; };
		B7C0368F1F6429A40032311C /* ConstraintMultiplierTarget.swift in Sources */ = {isa = PBXBuildFile; fileRef = B7C0366C1F6429A40032311C /* ConstraintMultiplierTarget.swift */; };
		B7C036901F6429A40032311C /* ConstraintOffsetTarget.swift in Sources */ = {isa = PBXBuildFile; fileRef = B7C0366D1F6429A40032311C /* ConstraintOffsetTarget.swift */; };
		B7C036911F6429A40032311C /* ConstraintPriority.swift in Sources */ = {isa = PBXBuildFile; fileRef = B7C0366E1F6429A40032311C /* ConstraintPriority.swift */; };
		B7C036921F6429A40032311C /* ConstraintPriorityTarget.swift in Sources */ = {isa = PBXBuildFile; fileRef = B7C0366F1F6429A40032311C /* ConstraintPriorityTarget.swift */; };
		B7C036931F6429A40032311C /* ConstraintRelatableTarget.swift in Sources */ = {isa = PBXBuildFile; fileRef = B7C036701F6429A40032311C /* ConstraintRelatableTarget.swift */; };
		B7C036941F6429A40032311C /* ConstraintRelation.swift in Sources */ = {isa = PBXBuildFile; fileRef = B7C036711F6429A40032311C /* ConstraintRelation.swift */; };
		B7C036951F6429A40032311C /* ConstraintView+Extensions.swift in Sources */ = {isa = PBXBuildFile; fileRef = B7C036721F6429A40032311C /* ConstraintView+Extensions.swift */; };
		B7C036961F6429A40032311C /* ConstraintView.swift in Sources */ = {isa = PBXBuildFile; fileRef = B7C036731F6429A40032311C /* ConstraintView.swift */; };
		B7C036971F6429A40032311C /* ConstraintViewDSL.swift in Sources */ = {isa = PBXBuildFile; fileRef = B7C036741F6429A40032311C /* ConstraintViewDSL.swift */; };
		B7C036981F6429A40032311C /* Debugging.swift in Sources */ = {isa = PBXBuildFile; fileRef = B7C036751F6429A40032311C /* Debugging.swift */; };
		B7C036991F6429A40032311C /* Info.plist in Resources */ = {isa = PBXBuildFile; fileRef = B7C036761F6429A40032311C /* Info.plist */; };
		B7C0369A1F6429A40032311C /* LayoutConstraint.swift in Sources */ = {isa = PBXBuildFile; fileRef = B7C036771F6429A40032311C /* LayoutConstraint.swift */; };
		B7C0369B1F6429A40032311C /* LayoutConstraintItem.swift in Sources */ = {isa = PBXBuildFile; fileRef = B7C036781F6429A40032311C /* LayoutConstraintItem.swift */; };
		B7C0369C1F6429A40032311C /* UILayoutSupport+Extensions.swift in Sources */ = {isa = PBXBuildFile; fileRef = B7C0367A1F6429A40032311C /* UILayoutSupport+Extensions.swift */; };
		B7C0369F1F651C610032311C /* HighlightButton.swift in Sources */ = {isa = PBXBuildFile; fileRef = B7C0369E1F651C610032311C /* HighlightButton.swift */; };
		B7C036A11F6526350032311C /* 方正综艺_GBK的副本.ttf in Resources */ = {isa = PBXBuildFile; fileRef = B7C036A01F6526350032311C /* 方正综艺_GBK的副本.ttf */; };
		B7D6B8F81F6541C900FB20C8 /* UIView+Extension.swift in Sources */ = {isa = PBXBuildFile; fileRef = B7D6B8F71F6541C900FB20C8 /* UIView+Extension.swift */; };
		B7D6B8FA1F65769800FB20C8 /* LEECircleImage.swift in Sources */ = {isa = PBXBuildFile; fileRef = B7D6B8F91F65769800FB20C8 /* LEECircleImage.swift */; };
		B7D6B8FC1F66C29500FB20C8 /* LEEConfigure.swift in Sources */ = {isa = PBXBuildFile; fileRef = B7D6B8FB1F66C29500FB20C8 /* LEEConfigure.swift */; };
/* End PBXBuildFile section */

/* Begin PBXFileReference section */
		B7286DF41F6ABA9B00A758D3 /* LEEEndView.swift */ = {isa = PBXFileReference; fileEncoding = 4; lastKnownFileType = sourcecode.swift; path = LEEEndView.swift; sourceTree = "<group>"; };
		B7286DF61F6ABAA300A758D3 /* LEEEndView.xib */ = {isa = PBXFileReference; fileEncoding = 4; lastKnownFileType = file.xib; path = LEEEndView.xib; sourceTree = "<group>"; };
		B7286DF81F6D729200A758D3 /* ProduceRandom.swift */ = {isa = PBXFileReference; fileEncoding = 4; lastKnownFileType = sourcecode.swift; path = ProduceRandom.swift; sourceTree = "<group>"; };
		B7286DFA1F6E160B00A758D3 /* String+Extension.swift */ = {isa = PBXFileReference; fileEncoding = 4; lastKnownFileType = sourcecode.swift; path = "String+Extension.swift"; sourceTree = "<group>"; };
		B7286DFC1F6E762400A758D3 /* LEEInputView.swift */ = {isa = PBXFileReference; fileEncoding = 4; lastKnownFileType = sourcecode.swift; path = LEEInputView.swift; sourceTree = "<group>"; };
		B7286DFE1F6E762C00A758D3 /* LEEInputView.xib */ = {isa = PBXFileReference; fileEncoding = 4; lastKnownFileType = file.xib; path = LEEInputView.xib; sourceTree = "<group>"; };
		B7286E001F7297C600A758D3 /* LEEFlowLayout.swift */ = {isa = PBXFileReference; fileEncoding = 4; lastKnownFileType = sourcecode.swift; path = LEEFlowLayout.swift; sourceTree = "<group>"; };
		B7286E021F72A03300A758D3 /* LEECardInputView.swift */ = {isa = PBXFileReference; fileEncoding = 4; lastKnownFileType = sourcecode.swift; path = LEECardInputView.swift; sourceTree = "<group>"; };
		B7286E041F72A03B00A758D3 /* LEECardInputView.xib */ = {isa = PBXFileReference; fileEncoding = 4; lastKnownFileType = file.xib; path = LEECardInputView.xib; sourceTree = "<group>"; };
		B7286E061F72A4DD00A758D3 /* 方正准圆简体.ttf */ = {isa = PBXFileReference; lastKnownFileType = file; path = "方正准圆简体.ttf"; sourceTree = "<group>"; };
		B7286E081F72B8A300A758D3 /* LEETextView.swift */ = {isa = PBXFileReference; fileEncoding = 4; lastKnownFileType = sourcecode.swift; path = LEETextView.swift; sourceTree = "<group>"; };
		B7923E6F1F6033BF00F671B9 /* LEERandom.app */ = {isa = PBXFileReference; explicitFileType = wrapper.application; includeInIndex = 0; path = LEERandom.app; sourceTree = BUILT_PRODUCTS_DIR; };
		B7923E721F6033BF00F671B9 /* AppDelegate.swift */ = {isa = PBXFileReference; lastKnownFileType = sourcecode.swift; path = AppDelegate.swift; sourceTree = "<group>"; };
		B7923E741F6033BF00F671B9 /* ViewController.swift */ = {isa = PBXFileReference; lastKnownFileType = sourcecode.swift; name = ViewController.swift; path = ../../../ViewController.swift; sourceTree = "<group>"; };
		B7923E771F6033BF00F671B9 /* Base */ = {isa = PBXFileReference; lastKnownFileType = file.storyboard; name = Base; path = Base.lproj/Main.storyboard; sourceTree = "<group>"; };
		B7923E791F6033BF00F671B9 /* Assets.xcassets */ = {isa = PBXFileReference; lastKnownFileType = folder.assetcatalog; path = Assets.xcassets; sourceTree = "<group>"; };
		B7923E7C1F6033BF00F671B9 /* Base */ = {isa = PBXFileReference; lastKnownFileType = file.storyboard; name = Base; path = Base.lproj/LaunchScreen.storyboard; sourceTree = "<group>"; };
		B7923E7E1F6033BF00F671B9 /* Info.plist */ = {isa = PBXFileReference; lastKnownFileType = text.plist.xml; name = Info.plist; path = ../../Info.plist; sourceTree = "<group>"; };
		B7C036521F6425F20032311C /* LEENavController.swift */ = {isa = PBXFileReference; fileEncoding = 4; lastKnownFileType = sourcecode.swift; path = LEENavController.swift; sourceTree = "<group>"; };
		B7C036541F6426C40032311C /* LEELotController.swift */ = {isa = PBXFileReference; fileEncoding = 4; lastKnownFileType = sourcecode.swift; path = LEELotController.swift; sourceTree = "<group>"; };
		B7C036581F6429A40032311C /* Constraint.swift */ = {isa = PBXFileReference; fileEncoding = 4; lastKnownFileType = sourcecode.swift; path = Constraint.swift; sourceTree = "<group>"; };
		B7C036591F6429A40032311C /* ConstraintAttributes.swift */ = {isa = PBXFileReference; fileEncoding = 4; lastKnownFileType = sourcecode.swift; path = ConstraintAttributes.swift; sourceTree = "<group>"; };
		B7C0365A1F6429A40032311C /* ConstraintConfig.swift */ = {isa = PBXFileReference; fileEncoding = 4; lastKnownFileType = sourcecode.swift; path = ConstraintConfig.swift; sourceTree = "<group>"; };
		B7C0365B1F6429A40032311C /* ConstraintConstantTarget.swift */ = {isa = PBXFileReference; fileEncoding = 4; lastKnownFileType = sourcecode.swift; path = ConstraintConstantTarget.swift; sourceTree = "<group>"; };
		B7C0365C1F6429A40032311C /* ConstraintDescription.swift */ = {isa = PBXFileReference; fileEncoding = 4; lastKnownFileType = sourcecode.swift; path = ConstraintDescription.swift; sourceTree = "<group>"; };
		B7C0365D1F6429A40032311C /* ConstraintDSL.swift */ = {isa = PBXFileReference; fileEncoding = 4; lastKnownFileType = sourcecode.swift; path = ConstraintDSL.swift; sourceTree = "<group>"; };
		B7C0365E1F6429A40032311C /* ConstraintInsets.swift */ = {isa = PBXFileReference; fileEncoding = 4; lastKnownFileType = sourcecode.swift; path = ConstraintInsets.swift; sourceTree = "<group>"; };
		B7C0365F1F6429A40032311C /* ConstraintInsetTarget.swift */ = {isa = PBXFileReference; fileEncoding = 4; lastKnownFileType = sourcecode.swift; path = ConstraintInsetTarget.swift; sourceTree = "<group>"; };
		B7C036601F6429A40032311C /* ConstraintItem.swift */ = {isa = PBXFileReference; fileEncoding = 4; lastKnownFileType = sourcecode.swift; path = ConstraintItem.swift; sourceTree = "<group>"; };
		B7C036611F6429A40032311C /* ConstraintLayoutGuide+Extensions.swift */ = {isa = PBXFileReference; fileEncoding = 4; lastKnownFileType = sourcecode.swift; path = "ConstraintLayoutGuide+Extensions.swift"; sourceTree = "<group>"; };
		B7C036621F6429A40032311C /* ConstraintLayoutGuide.swift */ = {isa = PBXFileReference; fileEncoding = 4; lastKnownFileType = sourcecode.swift; path = ConstraintLayoutGuide.swift; sourceTree = "<group>"; };
		B7C036631F6429A40032311C /* ConstraintLayoutGuideDSL.swift */ = {isa = PBXFileReference; fileEncoding = 4; lastKnownFileType = sourcecode.swift; path = ConstraintLayoutGuideDSL.swift; sourceTree = "<group>"; };
		B7C036641F6429A40032311C /* ConstraintLayoutSupport.swift */ = {isa = PBXFileReference; fileEncoding = 4; lastKnownFileType = sourcecode.swift; path = ConstraintLayoutSupport.swift; sourceTree = "<group>"; };
		B7C036651F6429A40032311C /* ConstraintLayoutSupportDSL.swift */ = {isa = PBXFileReference; fileEncoding = 4; lastKnownFileType = sourcecode.swift; path = ConstraintLayoutSupportDSL.swift; sourceTree = "<group>"; };
		B7C036661F6429A40032311C /* ConstraintMaker.swift */ = {isa = PBXFileReference; fileEncoding = 4; lastKnownFileType = sourcecode.swift; path = ConstraintMaker.swift; sourceTree = "<group>"; };
		B7C036671F6429A40032311C /* ConstraintMakerEditable.swift */ = {isa = PBXFileReference; fileEncoding = 4; lastKnownFileType = sourcecode.swift; path = ConstraintMakerEditable.swift; sourceTree = "<group>"; };
		B7C036681F6429A40032311C /* ConstraintMakerExtendable.swift */ = {isa = PBXFileReference; fileEncoding = 4; lastKnownFileType = sourcecode.swift; path = ConstraintMakerExtendable.swift; sourceTree = "<group>"; };
		B7C036691F6429A40032311C /* ConstraintMakerFinalizable.swift */ = {isa = PBXFileReference; fileEncoding = 4; lastKnownFileType = sourcecode.swift; path = ConstraintMakerFinalizable.swift; sourceTree = "<group>"; };
		B7C0366A1F6429A40032311C /* ConstraintMakerPriortizable.swift */ = {isa = PBXFileReference; fileEncoding = 4; lastKnownFileType = sourcecode.swift; path = ConstraintMakerPriortizable.swift; sourceTree = "<group>"; };
		B7C0366B1F6429A40032311C /* ConstraintMakerRelatable.swift */ = {isa = PBXFileReference; fileEncoding = 4; lastKnownFileType = sourcecode.swift; path = ConstraintMakerRelatable.swift; sourceTree = "<group>"; };
		B7C0366C1F6429A40032311C /* ConstraintMultiplierTarget.swift */ = {isa = PBXFileReference; fileEncoding = 4; lastKnownFileType = sourcecode.swift; path = ConstraintMultiplierTarget.swift; sourceTree = "<group>"; };
		B7C0366D1F6429A40032311C /* ConstraintOffsetTarget.swift */ = {isa = PBXFileReference; fileEncoding = 4; lastKnownFileType = sourcecode.swift; path = ConstraintOffsetTarget.swift; sourceTree = "<group>"; };
		B7C0366E1F6429A40032311C /* ConstraintPriority.swift */ = {isa = PBXFileReference; fileEncoding = 4; lastKnownFileType = sourcecode.swift; path = ConstraintPriority.swift; sourceTree = "<group>"; };
		B7C0366F1F6429A40032311C /* ConstraintPriorityTarget.swift */ = {isa = PBXFileReference; fileEncoding = 4; lastKnownFileType = sourcecode.swift; path = ConstraintPriorityTarget.swift; sourceTree = "<group>"; };
		B7C036701F6429A40032311C /* ConstraintRelatableTarget.swift */ = {isa = PBXFileReference; fileEncoding = 4; lastKnownFileType = sourcecode.swift; path = ConstraintRelatableTarget.swift; sourceTree = "<group>"; };
		B7C036711F6429A40032311C /* ConstraintRelation.swift */ = {isa = PBXFileReference; fileEncoding = 4; lastKnownFileType = sourcecode.swift; path = ConstraintRelation.swift; sourceTree = "<group>"; };
		B7C036721F6429A40032311C /* ConstraintView+Extensions.swift */ = {isa = PBXFileReference; fileEncoding = 4; lastKnownFileType = sourcecode.swift; path = "ConstraintView+Extensions.swift"; sourceTree = "<group>"; };
		B7C036731F6429A40032311C /* ConstraintView.swift */ = {isa = PBXFileReference; fileEncoding = 4; lastKnownFileType = sourcecode.swift; path = ConstraintView.swift; sourceTree = "<group>"; };
		B7C036741F6429A40032311C /* ConstraintViewDSL.swift */ = {isa = PBXFileReference; fileEncoding = 4; lastKnownFileType = sourcecode.swift; path = ConstraintViewDSL.swift; sourceTree = "<group>"; };
		B7C036751F6429A40032311C /* Debugging.swift */ = {isa = PBXFileReference; fileEncoding = 4; lastKnownFileType = sourcecode.swift; path = Debugging.swift; sourceTree = "<group>"; };
		B7C036761F6429A40032311C /* Info.plist */ = {isa = PBXFileReference; fileEncoding = 4; lastKnownFileType = text.plist.xml; path = Info.plist; sourceTree = "<group>"; };
		B7C036771F6429A40032311C /* LayoutConstraint.swift */ = {isa = PBXFileReference; fileEncoding = 4; lastKnownFileType = sourcecode.swift; path = LayoutConstraint.swift; sourceTree = "<group>"; };
		B7C036781F6429A40032311C /* LayoutConstraintItem.swift */ = {isa = PBXFileReference; fileEncoding = 4; lastKnownFileType = sourcecode.swift; path = LayoutConstraintItem.swift; sourceTree = "<group>"; };
		B7C036791F6429A40032311C /* SnapKit.h */ = {isa = PBXFileReference; fileEncoding = 4; lastKnownFileType = sourcecode.c.h; path = SnapKit.h; sourceTree = "<group>"; };
		B7C0367A1F6429A40032311C /* UILayoutSupport+Extensions.swift */ = {isa = PBXFileReference; fileEncoding = 4; lastKnownFileType = sourcecode.swift; path = "UILayoutSupport+Extensions.swift"; sourceTree = "<group>"; };
		B7C0369E1F651C610032311C /* HighlightButton.swift */ = {isa = PBXFileReference; fileEncoding = 4; lastKnownFileType = sourcecode.swift; path = HighlightButton.swift; sourceTree = "<group>"; };
		B7C036A01F6526350032311C /* 方正综艺_GBK的副本.ttf */ = {isa = PBXFileReference; lastKnownFileType = file; path = "方正综艺_GBK的副本.ttf"; sourceTree = "<group>"; };
		B7D6B8F71F6541C900FB20C8 /* UIView+Extension.swift */ = {isa = PBXFileReference; fileEncoding = 4; lastKnownFileType = sourcecode.swift; path = "UIView+Extension.swift"; sourceTree = "<group>"; };
		B7D6B8F91F65769800FB20C8 /* LEECircleImage.swift */ = {isa = PBXFileReference; fileEncoding = 4; lastKnownFileType = sourcecode.swift; path = LEECircleImage.swift; sourceTree = "<group>"; };
		B7D6B8FB1F66C29500FB20C8 /* LEEConfigure.swift */ = {isa = PBXFileReference; fileEncoding = 4; lastKnownFileType = sourcecode.swift; path = LEEConfigure.swift; sourceTree = "<group>"; };
/* End PBXFileReference section */

/* Begin PBXFrameworksBuildPhase section */
		B7923E6C1F6033BF00F671B9 /* Frameworks */ = {
			isa = PBXFrameworksBuildPhase;
			buildActionMask = 2147483647;
			files = (
			);
			runOnlyForDeploymentPostprocessing = 0;
		};
/* End PBXFrameworksBuildPhase section */

/* Begin PBXGroup section */
		B7923E661F6033BF00F671B9 = {
			isa = PBXGroup;
			children = (
				B7923E711F6033BF00F671B9 /* LEERandom */,
				B7923E701F6033BF00F671B9 /* Products */,
			);
			sourceTree = "<group>";
		};
		B7923E701F6033BF00F671B9 /* Products */ = {
			isa = PBXGroup;
			children = (
				B7923E6F1F6033BF00F671B9 /* LEERandom.app */,
			);
			name = Products;
			sourceTree = "<group>";
		};
		B7923E711F6033BF00F671B9 /* LEERandom */ = {
			isa = PBXGroup;
			children = (
				B7923E791F6033BF00F671B9 /* Assets.xcassets */,
				B7923E721F6033BF00F671B9 /* AppDelegate.swift */,
				B7923E761F6033BF00F671B9 /* Main.storyboard */,
				B7C036461F6425640032311C /* Class */,
			);
			path = LEERandom;
			sourceTree = "<group>";
		};
		B7C036461F6425640032311C /* Class */ = {
			isa = PBXGroup;
			children = (
				B7C036471F6425640032311C /* Base */,
				B7C036491F6425640032311C /* One */,
				B7C0364D1F6425640032311C /* Two */,
				B7C036561F6429810032311C /* Tools */,
				B7C036511F6425850032311C /* Other */,
			);
			path = Class;
			sourceTree = "<group>";
		};
		B7C036471F6425640032311C /* Base */ = {
			isa = PBXGroup;
			children = (
				B7C036481F6425640032311C /* Controller */,
			);
			path = Base;
			sourceTree = "<group>";
		};
		B7C036481F6425640032311C /* Controller */ = {
			isa = PBXGroup;
			children = (
				B7923E741F6033BF00F671B9 /* ViewController.swift */,
				B7C036521F6425F20032311C /* LEENavController.swift */,
			);
			path = Controller;
			sourceTree = "<group>";
		};
		B7C036491F6425640032311C /* One */ = {
			isa = PBXGroup;
			children = (
				B7C0364A1F6425640032311C /* Controller */,
				B7C0364B1F6425640032311C /* Other */,
				B7C0364C1F6425640032311C /* View */,
			);
			path = One;
			sourceTree = "<group>";
		};
		B7C0364A1F6425640032311C /* Controller */ = {
			isa = PBXGroup;
			children = (
				B7C036541F6426C40032311C /* LEELotController.swift */,
			);
			path = Controller;
			sourceTree = "<group>";
		};
		B7C0364B1F6425640032311C /* Other */ = {
			isa = PBXGroup;
			children = (
				B7286DF81F6D729200A758D3 /* ProduceRandom.swift */,
				B7286E001F7297C600A758D3 /* LEEFlowLayout.swift */,
			);
			path = Other;
			sourceTree = "<group>";
		};
		B7C0364C1F6425640032311C /* View */ = {
			isa = PBXGroup;
			children = (
				B7D6B8F91F65769800FB20C8 /* LEECircleImage.swift */,
				B7286DF41F6ABA9B00A758D3 /* LEEEndView.swift */,
				B7286DF61F6ABAA300A758D3 /* LEEEndView.xib */,
				B7286DFC1F6E762400A758D3 /* LEEInputView.swift */,
				B7286DFE1F6E762C00A758D3 /* LEEInputView.xib */,
				B7286E021F72A03300A758D3 /* LEECardInputView.swift */,
				B7286E041F72A03B00A758D3 /* LEECardInputView.xib */,
			);
			path = View;
			sourceTree = "<group>";
		};
		B7C0364D1F6425640032311C /* Two */ = {
			isa = PBXGroup;
			children = (
				B7C0364E1F6425640032311C /* Controller */,
				B7C0364F1F6425640032311C /* Other */,
				B7C036501F6425640032311C /* View */,
			);
			path = Two;
			sourceTree = "<group>";
		};
		B7C0364E1F6425640032311C /* Controller */ = {
			isa = PBXGroup;
			children = (
			);
			path = Controller;
			sourceTree = "<group>";
		};
		B7C0364F1F6425640032311C /* Other */ = {
			isa = PBXGroup;
			children = (
			);
			path = Other;
			sourceTree = "<group>";
		};
		B7C036501F6425640032311C /* View */ = {
			isa = PBXGroup;
			children = (
			);
			path = View;
			sourceTree = "<group>";
		};
		B7C036511F6425850032311C /* Other */ = {
			isa = PBXGroup;
			children = (
				B7C036A01F6526350032311C /* 方正综艺_GBK的副本.ttf */,
				B7286E061F72A4DD00A758D3 /* 方正准圆简体.ttf */,
				B7923E7B1F6033BF00F671B9 /* LaunchScreen.storyboard */,
				B7923E7E1F6033BF00F671B9 /* Info.plist */,
				B7D6B8FB1F66C29500FB20C8 /* LEEConfigure.swift */,
			);
			path = Other;
			sourceTree = "<group>";
		};
		B7C036561F6429810032311C /* Tools */ = {
			isa = PBXGroup;
			children = (
				B7C0369D1F651C470032311C /* Extension */,
				B7C036571F6429A40032311C /* Source */,
			);
			path = Tools;
			sourceTree = "<group>";
		};
		B7C036571F6429A40032311C /* Source */ = {
			isa = PBXGroup;
			children = (
				B7C036581F6429A40032311C /* Constraint.swift */,
				B7C036591F6429A40032311C /* ConstraintAttributes.swift */,
				B7C0365A1F6429A40032311C /* ConstraintConfig.swift */,
				B7C0365B1F6429A40032311C /* ConstraintConstantTarget.swift */,
				B7C0365C1F6429A40032311C /* ConstraintDescription.swift */,
				B7C0365D1F6429A40032311C /* ConstraintDSL.swift */,
				B7C0365E1F6429A40032311C /* ConstraintInsets.swift */,
				B7C0365F1F6429A40032311C /* ConstraintInsetTarget.swift */,
				B7C036601F6429A40032311C /* ConstraintItem.swift */,
				B7C036611F6429A40032311C /* ConstraintLayoutGuide+Extensions.swift */,
				B7C036621F6429A40032311C /* ConstraintLayoutGuide.swift */,
				B7C036631F6429A40032311C /* ConstraintLayoutGuideDSL.swift */,
				B7C036641F6429A40032311C /* ConstraintLayoutSupport.swift */,
				B7C036651F6429A40032311C /* ConstraintLayoutSupportDSL.swift */,
				B7C036661F6429A40032311C /* ConstraintMaker.swift */,
				B7C036671F6429A40032311C /* ConstraintMakerEditable.swift */,
				B7C036681F6429A40032311C /* ConstraintMakerExtendable.swift */,
				B7C036691F6429A40032311C /* ConstraintMakerFinalizable.swift */,
				B7C0366A1F6429A40032311C /* ConstraintMakerPriortizable.swift */,
				B7C0366B1F6429A40032311C /* ConstraintMakerRelatable.swift */,
				B7C0366C1F6429A40032311C /* ConstraintMultiplierTarget.swift */,
				B7C0366D1F6429A40032311C /* ConstraintOffsetTarget.swift */,
				B7C0366E1F6429A40032311C /* ConstraintPriority.swift */,
				B7C0366F1F6429A40032311C /* ConstraintPriorityTarget.swift */,
				B7C036701F6429A40032311C /* ConstraintRelatableTarget.swift */,
				B7C036711F6429A40032311C /* ConstraintRelation.swift */,
				B7C036721F6429A40032311C /* ConstraintView+Extensions.swift */,
				B7C036731F6429A40032311C /* ConstraintView.swift */,
				B7C036741F6429A40032311C /* ConstraintViewDSL.swift */,
				B7C036751F6429A40032311C /* Debugging.swift */,
				B7C036761F6429A40032311C /* Info.plist */,
				B7C036771F6429A40032311C /* LayoutConstraint.swift */,
				B7C036781F6429A40032311C /* LayoutConstraintItem.swift */,
				B7C036791F6429A40032311C /* SnapKit.h */,
				B7C0367A1F6429A40032311C /* UILayoutSupport+Extensions.swift */,
			);
			path = Source;
			sourceTree = "<group>";
		};
		B7C0369D1F651C470032311C /* Extension */ = {
			isa = PBXGroup;
			children = (
				B7C0369E1F651C610032311C /* HighlightButton.swift */,
				B7D6B8F71F6541C900FB20C8 /* UIView+Extension.swift */,
				B7286DFA1F6E160B00A758D3 /* String+Extension.swift */,
				B7286E081F72B8A300A758D3 /* LEETextView.swift */,
			);
			path = Extension;
			sourceTree = "<group>";
		};
/* End PBXGroup section */

/* Begin PBXNativeTarget section */
		B7923E6E1F6033BF00F671B9 /* LEERandom */ = {
			isa = PBXNativeTarget;
			buildConfigurationList = B7923E811F6033BF00F671B9 /* Build configuration list for PBXNativeTarget "LEERandom" */;
			buildPhases = (
				B7923E6B1F6033BF00F671B9 /* Sources */,
				B7923E6C1F6033BF00F671B9 /* Frameworks */,
				B7923E6D1F6033BF00F671B9 /* Resources */,
			);
			buildRules = (
			);
			dependencies = (
			);
			name = LEERandom;
			productName = LEERandom;
			productReference = B7923E6F1F6033BF00F671B9 /* LEERandom.app */;
			productType = "com.apple.product-type.application";
		};
/* End PBXNativeTarget section */

/* Begin PBXProject section */
		B7923E671F6033BF00F671B9 /* Project object */ = {
			isa = PBXProject;
			attributes = {
				CLASSPREFIX = LEE;
				LastSwiftUpdateCheck = 0830;
				LastUpgradeCheck = 0830;
				ORGANIZATIONNAME = lijiangbo;
				TargetAttributes = {
					B7923E6E1F6033BF00F671B9 = {
						CreatedOnToolsVersion = 8.3.3;
						DevelopmentTeam = 47W28PSMV7;
						ProvisioningStyle = Automatic;
					};
				};
			};
			buildConfigurationList = B7923E6A1F6033BF00F671B9 /* Build configuration list for PBXProject "LEERandom" */;
			compatibilityVersion = "Xcode 3.2";
			developmentRegion = English;
			hasScannedForEncodings = 0;
			knownRegions = (
				en,
				Base,
			);
			mainGroup = B7923E661F6033BF00F671B9;
			productRefGroup = B7923E701F6033BF00F671B9 /* Products */;
			projectDirPath = "";
			projectRoot = "";
			targets = (
				B7923E6E1F6033BF00F671B9 /* LEERandom */,
			);
		};
/* End PBXProject section */

/* Begin PBXResourcesBuildPhase section */
		B7923E6D1F6033BF00F671B9 /* Resources */ = {
			isa = PBXResourcesBuildPhase;
			buildActionMask = 2147483647;
			files = (
				B7286E051F72A03B00A758D3 /* LEECardInputView.xib in Resources */,
				B7286E071F72A4DD00A758D3 /* 方正准圆简体.ttf in Resources */,
				B7C036991F6429A40032311C /* Info.plist in Resources */,
				B7C036A11F6526350032311C /* 方正综艺_GBK的副本.ttf in Resources */,
				B7923E7D1F6033BF00F671B9 /* LaunchScreen.storyboard in Resources */,
				B7286DF71F6ABAA300A758D3 /* LEEEndView.xib in Resources */,
				B7923E7A1F6033BF00F671B9 /* Assets.xcassets in Resources */,
				B7923E781F6033BF00F671B9 /* Main.storyboard in Resources */,
				B7286DFF1F6E762C00A758D3 /* LEEInputView.xib in Resources */,
			);
			runOnlyForDeploymentPostprocessing = 0;
		};
/* End PBXResourcesBuildPhase section */

/* Begin PBXSourcesBuildPhase section */
		B7923E6B1F6033BF00F671B9 /* Sources */ = {
			isa = PBXSourcesBuildPhase;
			buildActionMask = 2147483647;
			files = (
				B7C036531F6425F20032311C /* LEENavController.swift in Sources */,
				B7C036821F6429A40032311C /* ConstraintInsetTarget.swift in Sources */,
				B7C0368E1F6429A40032311C /* ConstraintMakerRelatable.swift in Sources */,
				B7C036921F6429A40032311C /* ConstraintPriorityTarget.swift in Sources */,
				B7C036831F6429A40032311C /* ConstraintItem.swift in Sources */,
				B7286E031F72A03300A758D3 /* LEECardInputView.swift in Sources */,
				B7C0369A1F6429A40032311C /* LayoutConstraint.swift in Sources */,
				B7C036901F6429A40032311C /* ConstraintOffsetTarget.swift in Sources */,
				B7923E751F6033BF00F671B9 /* ViewController.swift in Sources */,
				B7286E011F7297C600A758D3 /* LEEFlowLayout.swift in Sources */,
				B7C0368C1F6429A40032311C /* ConstraintMakerFinalizable.swift in Sources */,
				B7C036551F6426C40032311C /* LEELotController.swift in Sources */,
				B7286DFD1F6E762400A758D3 /* LEEInputView.swift in Sources */,
				B7C036871F6429A40032311C /* ConstraintLayoutSupport.swift in Sources */,
				B7C0369B1F6429A40032311C /* LayoutConstraintItem.swift in Sources */,
				B7286DFB1F6E160B00A758D3 /* String+Extension.swift in Sources */,
				B7C036891F6429A40032311C /* ConstraintMaker.swift in Sources */,
				B7C0367C1F6429A40032311C /* ConstraintAttributes.swift in Sources */,
				B7286E091F72B8A300A758D3 /* LEETextView.swift in Sources */,
				B7C036981F6429A40032311C /* Debugging.swift in Sources */,
				B7C036801F6429A40032311C /* ConstraintDSL.swift in Sources */,
				B7C036951F6429A40032311C /* ConstraintView+Extensions.swift in Sources */,
				B7C036881F6429A40032311C /* ConstraintLayoutSupportDSL.swift in Sources */,
				B7D6B8FA1F65769800FB20C8 /* LEECircleImage.swift in Sources */,
				B7C036961F6429A40032311C /* ConstraintView.swift in Sources */,
				B7286DF91F6D729200A758D3 /* ProduceRandom.swift in Sources */,
				B7C036811F6429A40032311C /* ConstraintInsets.swift in Sources */,
				B7C036931F6429A40032311C /* ConstraintRelatableTarget.swift in Sources */,
				B7C036941F6429A40032311C /* ConstraintRelation.swift in Sources */,
				B7C0368D1F6429A40032311C /* ConstraintMakerPriortizable.swift in Sources */,
				B7C0369F1F651C610032311C /* HighlightButton.swift in Sources */,
				B7286DF51F6ABA9B00A758D3 /* LEEEndView.swift in Sources */,
				B7C0368A1F6429A40032311C /* ConstraintMakerEditable.swift in Sources */,
				B7C0367D1F6429A40032311C /* ConstraintConfig.swift in Sources */,
				B7C036851F6429A40032311C /* ConstraintLayoutGuide.swift in Sources */,
				B7D6B8F81F6541C900FB20C8 /* UIView+Extension.swift in Sources */,
				B7C0367B1F6429A40032311C /* Constraint.swift in Sources */,
				B7923E731F6033BF00F671B9 /* AppDelegate.swift in Sources */,
				B7C036841F6429A40032311C /* ConstraintLayoutGuide+Extensions.swift in Sources */,
				B7C0368B1F6429A40032311C /* ConstraintMakerExtendable.swift in Sources */,
				B7C036861F6429A40032311C /* ConstraintLayoutGuideDSL.swift in Sources */,
				B7D6B8FC1F66C29500FB20C8 /* LEEConfigure.swift in Sources */,
				B7C0367E1F6429A40032311C /* ConstraintConstantTarget.swift in Sources */,
				B7C0367F1F6429A40032311C /* ConstraintDescription.swift in Sources */,
				B7C0369C1F6429A40032311C /* UILayoutSupport+Extensions.swift in Sources */,
				B7C0368F1F6429A40032311C /* ConstraintMultiplierTarget.swift in Sources */,
				B7C036911F6429A40032311C /* ConstraintPriority.swift in Sources */,
				B7C036971F6429A40032311C /* ConstraintViewDSL.swift in Sources */,
			);
			runOnlyForDeploymentPostprocessing = 0;
		};
/* End PBXSourcesBuildPhase section */

/* Begin PBXVariantGroup section */
		B7923E761F6033BF00F671B9 /* Main.storyboard */ = {
			isa = PBXVariantGroup;
			children = (
				B7923E771F6033BF00F671B9 /* Base */,
			);
			name = Main.storyboard;
			sourceTree = "<group>";
		};
		B7923E7B1F6033BF00F671B9 /* LaunchScreen.storyboard */ = {
			isa = PBXVariantGroup;
			children = (
				B7923E7C1F6033BF00F671B9 /* Base */,
			);
			name = LaunchScreen.storyboard;
			path = ../..;
			sourceTree = "<group>";
		};
/* End PBXVariantGroup section */

/* Begin XCBuildConfiguration section */
		B7923E7F1F6033BF00F671B9 /* Debug */ = {
			isa = XCBuildConfiguration;
			buildSettings = {
				ALWAYS_SEARCH_USER_PATHS = NO;
				CLANG_ANALYZER_NONNULL = YES;
				CLANG_ANALYZER_NUMBER_OBJECT_CONVERSION = YES_AGGRESSIVE;
				CLANG_CXX_LANGUAGE_STANDARD = "gnu++0x";
				CLANG_CXX_LIBRARY = "libc++";
				CLANG_ENABLE_MODULES = YES;
				CLANG_ENABLE_OBJC_ARC = YES;
				CLANG_WARN_BOOL_CONVERSION = YES;
				CLANG_WARN_CONSTANT_CONVERSION = YES;
				CLANG_WARN_DIRECT_OBJC_ISA_USAGE = YES_ERROR;
				CLANG_WARN_DOCUMENTATION_COMMENTS = YES;
				CLANG_WARN_EMPTY_BODY = YES;
				CLANG_WARN_ENUM_CONVERSION = YES;
				CLANG_WARN_INFINITE_RECURSION = YES;
				CLANG_WARN_INT_CONVERSION = YES;
				CLANG_WARN_OBJC_ROOT_CLASS = YES_ERROR;
				CLANG_WARN_SUSPICIOUS_MOVE = YES;
				CLANG_WARN_UNREACHABLE_CODE = YES;
				CLANG_WARN__DUPLICATE_METHOD_MATCH = YES;
				"CODE_SIGN_IDENTITY[sdk=iphoneos*]" = "iPhone Developer";
				COPY_PHASE_STRIP = NO;
				DEBUG_INFORMATION_FORMAT = dwarf;
				ENABLE_STRICT_OBJC_MSGSEND = YES;
				ENABLE_TESTABILITY = YES;
				GCC_C_LANGUAGE_STANDARD = gnu99;
				GCC_DYNAMIC_NO_PIC = NO;
				GCC_NO_COMMON_BLOCKS = YES;
				GCC_OPTIMIZATION_LEVEL = 0;
				GCC_PREPROCESSOR_DEFINITIONS = (
					"DEBUG=1",
					"$(inherited)",
				);
				GCC_WARN_64_TO_32_BIT_CONVERSION = YES;
				GCC_WARN_ABOUT_RETURN_TYPE = YES_ERROR;
				GCC_WARN_UNDECLARED_SELECTOR = YES;
				GCC_WARN_UNINITIALIZED_AUTOS = YES_AGGRESSIVE;
				GCC_WARN_UNUSED_FUNCTION = YES;
				GCC_WARN_UNUSED_VARIABLE = YES;
				IPHONEOS_DEPLOYMENT_TARGET = 10.3;
				MTL_ENABLE_DEBUG_INFO = YES;
				ONLY_ACTIVE_ARCH = YES;
				SDKROOT = iphoneos;
				SWIFT_ACTIVE_COMPILATION_CONDITIONS = DEBUG;
				SWIFT_OPTIMIZATION_LEVEL = "-Onone";
				TARGETED_DEVICE_FAMILY = "1,2";
			};
			name = Debug;
		};
		B7923E801F6033BF00F671B9 /* Release */ = {
			isa = XCBuildConfiguration;
			buildSettings = {
				ALWAYS_SEARCH_USER_PATHS = NO;
				CLANG_ANALYZER_NONNULL = YES;
				CLANG_ANALYZER_NUMBER_OBJECT_CONVERSION = YES_AGGRESSIVE;
				CLANG_CXX_LANGUAGE_STANDARD = "gnu++0x";
				CLANG_CXX_LIBRARY = "libc++";
				CLANG_ENABLE_MODULES = YES;
				CLANG_ENABLE_OBJC_ARC = YES;
				CLANG_WARN_BOOL_CONVERSION = YES;
				CLANG_WARN_CONSTANT_CONVERSION = YES;
				CLANG_WARN_DIRECT_OBJC_ISA_USAGE = YES_ERROR;
				CLANG_WARN_DOCUMENTATION_COMMENTS = YES;
				CLANG_WARN_EMPTY_BODY = YES;
				CLANG_WARN_ENUM_CONVERSION = YES;
				CLANG_WARN_INFINITE_RECURSION = YES;
				CLANG_WARN_INT_CONVERSION = YES;
				CLANG_WARN_OBJC_ROOT_CLASS = YES_ERROR;
				CLANG_WARN_SUSPICIOUS_MOVE = YES;
				CLANG_WARN_UNREACHABLE_CODE = YES;
				CLANG_WARN__DUPLICATE_METHOD_MATCH = YES;
				"CODE_SIGN_IDENTITY[sdk=iphoneos*]" = "iPhone Developer";
				COPY_PHASE_STRIP = NO;
				DEBUG_INFORMATION_FORMAT = "dwarf-with-dsym";
				ENABLE_NS_ASSERTIONS = NO;
				ENABLE_STRICT_OBJC_MSGSEND = YES;
				GCC_C_LANGUAGE_STANDARD = gnu99;
				GCC_NO_COMMON_BLOCKS = YES;
				GCC_WARN_64_TO_32_BIT_CONVERSION = YES;
				GCC_WARN_ABOUT_RETURN_TYPE = YES_ERROR;
				GCC_WARN_UNDECLARED_SELECTOR = YES;
				GCC_WARN_UNINITIALIZED_AUTOS = YES_AGGRESSIVE;
				GCC_WARN_UNUSED_FUNCTION = YES;
				GCC_WARN_UNUSED_VARIABLE = YES;
				IPHONEOS_DEPLOYMENT_TARGET = 10.3;
				MTL_ENABLE_DEBUG_INFO = NO;
				SDKROOT = iphoneos;
				SWIFT_OPTIMIZATION_LEVEL = "-Owholemodule";
				TARGETED_DEVICE_FAMILY = "1,2";
				VALIDATE_PRODUCT = YES;
			};
			name = Release;
		};
		B7923E821F6033BF00F671B9 /* Debug */ = {
			isa = XCBuildConfiguration;
			buildSettings = {
				ASSETCATALOG_COMPILER_APPICON_NAME = AppIcon;
				DEVELOPMENT_TEAM = 47W28PSMV7;
				INFOPLIST_FILE = LEERandom/Info.plist;
				IPHONEOS_DEPLOYMENT_TARGET = 8.0;
				LD_RUNPATH_SEARCH_PATHS = "$(inherited) @executable_path/Frameworks";
				PRODUCT_BUNDLE_IDENTIFIER = com.lijiangbo.LEERandom;
				PRODUCT_NAME = "$(TARGET_NAME)";
				SWIFT_VERSION = 3.0;
			};
			name = Debug;
		};
		B7923E831F6033BF00F671B9 /* Release */ = {
			isa = XCBuildConfiguration;
			buildSettings = {
				ASSETCATALOG_COMPILER_APPICON_NAME = AppIcon;
				DEVELOPMENT_TEAM = 47W28PSMV7;
				INFOPLIST_FILE = LEERandom/Info.plist;
				IPHONEOS_DEPLOYMENT_TARGET = 8.0;
				LD_RUNPATH_SEARCH_PATHS = "$(inherited) @executable_path/Frameworks";
				PRODUCT_BUNDLE_IDENTIFIER = com.lijiangbo.LEERandom;
				PRODUCT_NAME = "$(TARGET_NAME)";
				SWIFT_VERSION = 3.0;
			};
			name = Release;
		};
/* End XCBuildConfiguration section */

/* Begin XCConfigurationList section */
		B7923E6A1F6033BF00F671B9 /* Build configuration list for PBXProject "LEERandom" */ = {
			isa = XCConfigurationList;
			buildConfigurations = (
				B7923E7F1F6033BF00F671B9 /* Debug */,
				B7923E801F6033BF00F671B9 /* Release */,
			);
			defaultConfigurationIsVisible = 0;
			defaultConfigurationName = Release;
		};
		B7923E811F6033BF00F671B9 /* Build configuration list for PBXNativeTarget "LEERandom" */ = {
			isa = XCConfigurationList;
			buildConfigurations = (
				B7923E821F6033BF00F671B9 /* Debug */,
				B7923E831F6033BF00F671B9 /* Release */,
			);
			defaultConfigurationIsVisible = 0;
			defaultConfigurationName = Release;
		};
/* End XCConfigurationList section */
	};
	rootObject = B7923E671F6033BF00F671B9 /* Project object */;
}
